
Microsoft Visual Studio Solution File, Format Version 12.00
# Visual Studio Version 16
VisualStudioVersion = 16.0.31005.135
MinimumVisualStudioVersion = 10.0.40219.1
Project("{FAE04EC0-301F-11D3-BF4B-00C04F79EFBC}") = "ClassicUO.Engine", "ClassicUO.Engine\ClassicUO.Engine.csproj", "{38A05DF0-5878-4A37-AC21-F68A71E140A6}"
EndProject
Global
	GlobalSection(SolutionConfigurationPlatforms) = preSolution
		Debug|Any CPU = Debug|Any CPU
		Release|Any CPU = Release|Any CPU
	EndGlobalSection
	GlobalSection(ProjectConfigurationPlatforms) = postSolution
		{38A05DF0-5878-4A37-AC21-F68A71E140A6}.Debug|Any CPU.ActiveCfg = Debug|Any CPU
		{38A05DF0-5878-4A37-AC21-F68A71E140A6}.Debug|Any CPU.Build.0 = Debug|Any CPU
		{38A05DF0-5878-4A37-AC21-F68A71E140A6}.Release|Any CPU.ActiveCfg = Release|Any CPU
		{38A05DF0-5878-4A37-AC21-F68A71E140A6}.Release|Any CPU.Build.0 = Release|Any CPU
	EndGlobalSection
	GlobalSection(SolutionProperties) = preSolution
		HideSolutionNode = FALSE
	EndGlobalSection
	GlobalSection(ExtensibilityGlobals) = postSolution
		SolutionGuid = {0FB68C3E-E1CC-4DD9-A1E0-09E088425597}
	EndGlobalSection
EndGlobal
