
Microsoft Visual Studio Solution File, Format Version 12.00
# Visual Studio Version 16
VisualStudioVersion = 16.0.31005.135
MinimumVisualStudioVersion = 10.0.40219.1
Project("{9A19103F-16F7-4668-BE54-9A1E7A4F7556}") = "FLY", "src\FLY.csproj", "{6AA9347A-27E2-4D4A-8A84-E3D8A08FB083}"
EndProject
Project("{FAE04EC0-301F-11D3-BF4B-00C04F79EFBC}") = "TestApp", "TestApp\TestApp.csproj", "{06C3C897-BE58-49E1-8A90-8C17E5E75B7D}"
EndProject
Global
	GlobalSection(SolutionConfigurationPlatforms) = preSolution
		Debug|Any CPU = Debug|Any CPU
		Release|Any CPU = Release|Any CPU
	EndGlobalSection
	GlobalSection(ProjectConfigurationPlatforms) = postSolution
		{6AA9347A-27E2-4D4A-8A84-E3D8A08FB083}.Debug|Any CPU.ActiveCfg = Debug|Any CPU
		{6AA9347A-27E2-4D4A-8A84-E3D8A08FB083}.Debug|Any CPU.Build.0 = Debug|Any CPU
		{6AA9347A-27E2-4D4A-8A84-E3D8A08FB083}.Release|Any CPU.ActiveCfg = Release|Any CPU
		{6AA9347A-27E2-4D4A-8A84-E3D8A08FB083}.Release|Any CPU.Build.0 = Release|Any CPU
		{06C3C897-BE58-49E1-8A90-8C17E5E75B7D}.Debug|Any CPU.ActiveCfg = Debug|Any CPU
		{06C3C897-BE58-49E1-8A90-8C17E5E75B7D}.Debug|Any CPU.Build.0 = Debug|Any CPU
		{06C3C897-BE58-49E1-8A90-8C17E5E75B7D}.Release|Any CPU.ActiveCfg = Release|Any CPU
		{06C3C897-BE58-49E1-8A90-8C17E5E75B7D}.Release|Any CPU.Build.0 = Release|Any CPU
	EndGlobalSection
	GlobalSection(SolutionProperties) = preSolution
		HideSolutionNode = FALSE
	EndGlobalSection
	GlobalSection(ExtensibilityGlobals) = postSolution
		SolutionGuid = {16ADD884-5BD6-4F92-8E4D-FEACD18AA4B9}
	EndGlobalSection
EndGlobal
